
Microsoft Visual Studio Solution File, Format Version 12.00
# Visual Studio Version 16
VisualStudioVersion = 16.0.31729.503
MinimumVisualStudioVersion = 10.0.40219.1
Project("{FAE04EC0-301F-11D3-BF4B-00C04F79EFBC}") = "AI", "AI.csproj", "{C34A8B31-FFCC-4F42-B155-32ECFEC6C6EB}"
EndProject
Global
	GlobalSection(SolutionConfigurationPlatforms) = preSolution
		Debug|Any CPU = Debug|Any CPU
		Release|Any CPU = Release|Any CPU
	EndGlobalSection
	GlobalSection(ProjectConfigurationPlatforms) = postSolution
		{C34A8B31-FFCC-4F42-B155-32ECFEC6C6EB}.Debug|Any CPU.ActiveCfg = Debug|Any CPU
		{C34A8B31-FFCC-4F42-B155-32ECFEC6C6EB}.Debug|Any CPU.Build.0 = Debug|Any CPU
		{C34A8B31-FFCC-4F42-B155-32ECFEC6C6EB}.Release|Any CPU.ActiveCfg = Release|Any CPU
		{C34A8B31-FFCC-4F42-B155-32ECFEC6C6EB}.Release|Any CPU.Build.0 = Release|Any CPU
	EndGlobalSection
	GlobalSection(SolutionProperties) = preSolution
		HideSolutionNode = FALSE
	EndGlobalSection
	GlobalSection(ExtensibilityGlobals) = postSolution
		SolutionGuid = {7DACACF5-5A23-4D18-81CC-0C788AB1FF11}
	EndGlobalSection
EndGlobal
